// !$*UTF8*$!
{
	archiveVersion = 1;
	classes = {
	};
	objectVersion = 50;
	objects = {

/* Begin PBXBuildFile section */
		47E682B224F8F89F008D5D5E /* AppDelegate.swift in Sources */ = {isa = PBXBuildFile; fileRef = 47E682B124F8F89F008D5D5E /* AppDelegate.swift */; };
		47E682B424F8F89F008D5D5E /* ViewController.swift in Sources */ = {isa = PBXBuildFile; fileRef = 47E682B324F8F89F008D5D5E /* ViewController.swift */; };
		47E682B624F8F8A0008D5D5E /* Assets.xcassets in Resources */ = {isa = PBXBuildFile; fileRef = 47E682B524F8F8A0008D5D5E /* Assets.xcassets */; };
		47E682B924F8F8A0008D5D5E /* Main.storyboard in Resources */ = {isa = PBXBuildFile; fileRef = 47E682B724F8F8A0008D5D5E /* Main.storyboard */; };
/* End PBXBuildFile section */

/* Begin PBXFileReference section */
		47E682AE24F8F89F008D5D5E /* ShhhDungsoo.app */ = {isa = PBXFileReference; explicitFileType = wrapper.application; includeInIndex = 0; path = ShhhDungsoo.app; sourceTree = BUILT_PRODUCTS_DIR; };
		47E682B124F8F89F008D5D5E /* AppDelegate.swift */ = {isa = PBXFileReference; lastKnownFileType = sourcecode.swift; path = AppDelegate.swift; sourceTree = "<group>"; };
		47E682B324F8F89F008D5D5E /* ViewController.swift */ = {isa = PBXFileReference; lastKnownFileType = sourcecode.swift; path = ViewController.swift; sourceTree = "<group>"; };
		47E682B524F8F8A0008D5D5E /* Assets.xcassets */ = {isa = PBXFileReference; lastKnownFileType = folder.assetcatalog; path = Assets.xcassets; sourceTree = "<group>"; };
		47E682B824F8F8A0008D5D5E /* Base */ = {isa = PBXFileReference; lastKnownFileType = file.storyboard; name = Base; path = Base.lproj/Main.storyboard; sourceTree = "<group>"; };
		47E682BA24F8F8A0008D5D5E /* Info.plist */ = {isa = PBXFileReference; lastKnownFileType = text.plist.xml; path = Info.plist; sourceTree = "<group>"; };
		47E682BB24F8F8A0008D5D5E /* ShhhDungsoo.entitlements */ = {isa = PBXFileReference; lastKnownFileType = text.plist.entitlements; path = ShhhDungsoo.entitlements; sourceTree = "<group>"; };
/* End PBXFileReference section */

/* Begin PBXFrameworksBuildPhase section */
		47E682AB24F8F89F008D5D5E /* Frameworks */ = {
			isa = PBXFrameworksBuildPhase;
			buildActionMask = 2147483647;
			files = (
			);
			runOnlyForDeploymentPostprocessing = 0;
		};
/* End PBXFrameworksBuildPhase section */

/* Begin PBXGroup section */
		47E682A524F8F89F008D5D5E = {
			isa = PBXGroup;
			children = (
				47E682B024F8F89F008D5D5E /* ShhhDungsoo */,
				47E682AF24F8F89F008D5D5E /* Products */,
			);
			sourceTree = "<group>";
		};
		47E682AF24F8F89F008D5D5E /* Products */ = {
			isa = PBXGroup;
			children = (
				47E682AE24F8F89F008D5D5E /* ShhhDungsoo.app */,
			);
			name = Products;
			sourceTree = "<group>";
		};
		47E682B024F8F89F008D5D5E /* ShhhDungsoo */ = {
			isa = PBXGroup;
			children = (
				47E682B124F8F89F008D5D5E /* AppDelegate.swift */,
				47E682B324F8F89F008D5D5E /* ViewController.swift */,
				47E682B524F8F8A0008D5D5E /* Assets.xcassets */,
				47E682B724F8F8A0008D5D5E /* Main.storyboard */,
				47E682BA24F8F8A0008D5D5E /* Info.plist */,
				47E682BB24F8F8A0008D5D5E /* ShhhDungsoo.entitlements */,
			);
			path = ShhhDungsoo;
			sourceTree = "<group>";
		};
/* End PBXGroup section */

/* Begin PBXNativeTarget section */
		47E682AD24F8F89F008D5D5E /* ShhhDungsoo */ = {
			isa = PBXNativeTarget;
			buildConfigurationList = 47E682BE24F8F8A0008D5D5E /* Build configuration list for PBXNativeTarget "ShhhDungsoo" */;
			buildPhases = (
				47E682AA24F8F89F008D5D5E /* Sources */,
				47E682AB24F8F89F008D5D5E /* Frameworks */,
				47E682AC24F8F89F008D5D5E /* Resources */,
			);
			buildRules = (
			);
			dependencies = (
			);
			name = ShhhDungsoo;
			productName = ShhhDungsoo;
			productReference = 47E682AE24F8F89F008D5D5E /* ShhhDungsoo.app */;
			productType = "com.apple.product-type.application";
		};
/* End PBXNativeTarget section */

/* Begin PBXProject section */
		47E682A624F8F89F008D5D5E /* Project object */ = {
			isa = PBXProject;
			attributes = {
				LastSwiftUpdateCheck = 1160;
				LastUpgradeCheck = 1160;
				ORGANIZATIONNAME = "Kyujin Cho";
				TargetAttributes = {
					47E682AD24F8F89F008D5D5E = {
						CreatedOnToolsVersion = 11.6;
					};
				};
			};
			buildConfigurationList = 47E682A924F8F89F008D5D5E /* Build configuration list for PBXProject "ShhhDungsoo" */;
			compatibilityVersion = "Xcode 9.3";
			developmentRegion = en;
			hasScannedForEncodings = 0;
			knownRegions = (
				en,
				Base,
			);
			mainGroup = 47E682A524F8F89F008D5D5E;
			productRefGroup = 47E682AF24F8F89F008D5D5E /* Products */;
			projectDirPath = "";
			projectRoot = "";
			targets = (
				47E682AD24F8F89F008D5D5E /* ShhhDungsoo */,
			);
		};
/* End PBXProject section */

/* Begin PBXResourcesBuildPhase section */
		47E682AC24F8F89F008D5D5E /* Resources */ = {
			isa = PBXResourcesBuildPhase;
			buildActionMask = 2147483647;
			files = (
				47E682B624F8F8A0008D5D5E /* Assets.xcassets in Resources */,
				47E682B924F8F8A0008D5D5E /* Main.storyboard in Resources */,
			);
			runOnlyForDeploymentPostprocessing = 0;
		};
/* End PBXResourcesBuildPhase section */

/* Begin PBXSourcesBuildPhase section */
		47E682AA24F8F89F008D5D5E /* Sources */ = {
			isa = PBXSourcesBuildPhase;
			buildActionMask = 2147483647;
			files = (
				47E682B424F8F89F008D5D5E /* ViewController.swift in Sources */,
				47E682B224F8F89F008D5D5E /* AppDelegate.swift in Sources */,
			);
			runOnlyForDeploymentPostprocessing = 0;
		};
/* End PBXSourcesBuildPhase section */

/* Begin PBXVariantGroup section */
		47E682B724F8F8A0008D5D5E /* Main.storyboard */ = {
			isa = PBXVariantGroup;
			children = (
				47E682B824F8F8A0008D5D5E /* Base */,
			);
			name = Main.storyboard;
			sourceTree = "<group>";
		};
/* End PBXVariantGroup section */

/* Begin XCBuildConfiguration section */
		47E682BC24F8F8A0008D5D5E /* Debug */ = {
			isa = XCBuildConfiguration;
			buildSettings = {
				ALWAYS_SEARCH_USER_PATHS = NO;
				CLANG_ANALYZER_NONNULL = YES;
				CLANG_ANALYZER_NUMBER_OBJECT_CONVERSION = YES_AGGRESSIVE;
				CLANG_CXX_LANGUAGE_STANDARD = "gnu++14";
				CLANG_CXX_LIBRARY = "libc++";
				CLANG_ENABLE_MODULES = YES;
				CLANG_ENABLE_OBJC_ARC = YES;
				CLANG_ENABLE_OBJC_WEAK = YES;
				CLANG_WARN_BLOCK_CAPTURE_AUTORELEASING = YES;
				CLANG_WARN_BOOL_CONVERSION = YES;
				CLANG_WARN_COMMA = YES;
				CLANG_WARN_CONSTANT_CONVERSION = YES;
				CLANG_WARN_DEPRECATED_OBJC_IMPLEMENTATIONS = YES;
				CLANG_WARN_DIRECT_OBJC_ISA_USAGE = YES_ERROR;
				CLANG_WARN_DOCUMENTATION_COMMENTS = YES;
				CLANG_WARN_EMPTY_BODY = YES;
				CLANG_WARN_ENUM_CONVERSION = YES;
				CLANG_WARN_INFINITE_RECURSION = YES;
				CLANG_WARN_INT_CONVERSION = YES;
				CLANG_WARN_NON_LITERAL_NULL_CONVERSION = YES;
				CLANG_WARN_OBJC_IMPLICIT_RETAIN_SELF = YES;
				CLANG_WARN_OBJC_LITERAL_CONVERSION = YES;
				CLANG_WARN_OBJC_ROOT_CLASS = YES_ERROR;
				CLANG_WARN_RANGE_LOOP_ANALYSIS = YES;
				CLANG_WARN_STRICT_PROTOTYPES = YES;
				CLANG_WARN_SUSPICIOUS_MOVE = YES;
				CLANG_WARN_UNGUARDED_AVAILABILITY = YES_AGGRESSIVE;
				CLANG_WARN_UNREACHABLE_CODE = YES;
				CLANG_WARN__DUPLICATE_METHOD_MATCH = YES;
				COPY_PHASE_STRIP = NO;
				DEBUG_INFORMATION_FORMAT = dwarf;
				ENABLE_STRICT_OBJC_MSGSEND = YES;
				ENABLE_TESTABILITY = YES;
				GCC_C_LANGUAGE_STANDARD = gnu11;
				GCC_DYNAMIC_NO_PIC = NO;
				GCC_NO_COMMON_BLOCKS = YES;
				GCC_OPTIMIZATION_LEVEL = 0;
				GCC_PREPROCESSOR_DEFINITIONS = (
					"DEBUG=1",
					"$(inherited)",
				);
				GCC_WARN_64_TO_32_BIT_CONVERSION = YES;
				GCC_WARN_ABOUT_RETURN_TYPE = YES_ERROR;
				GCC_WARN_UNDECLARED_SELECTOR = YES;
				GCC_WARN_UNINITIALIZED_AUTOS = YES_AGGRESSIVE;
				GCC_WARN_UNUSED_FUNCTION = YES;
				GCC_WARN_UNUSED_VARIABLE = YES;
				MACOSX_DEPLOYMENT_TARGET = 10.15;
				MTL_ENABLE_DEBUG_INFO = INCLUDE_SOURCE;
				MTL_FAST_MATH = YES;
				ONLY_ACTIVE_ARCH = YES;
				SDKROOT = macosx;
				SWIFT_ACTIVE_COMPILATION_CONDITIONS = DEBUG;
				SWIFT_OPTIMIZATION_LEVEL = "-Onone";
			};
			name = Debug;
		};
		47E682BD24F8F8A0008D5D5E /* Release */ = {
			isa = XCBuildConfiguration;
			buildSettings = {
				ALWAYS_SEARCH_USER_PATHS = NO;
				CLANG_ANALYZER_NONNULL = YES;
				CLANG_ANALYZER_NUMBER_OBJECT_CONVERSION = YES_AGGRESSIVE;
				CLANG_CXX_LANGUAGE_STANDARD = "gnu++14";
				CLANG_CXX_LIBRARY = "libc++";
				CLANG_ENABLE_MODULES = YES;
				CLANG_ENABLE_OBJC_ARC = YES;
				CLANG_ENABLE_OBJC_WEAK = YES;
				CLANG_WARN_BLOCK_CAPTURE_AUTORELEASING = YES;
				CLANG_WARN_BOOL_CONVERSION = YES;
				CLANG_WARN_COMMA = YES;
				CLANG_WARN_CONSTANT_CONVERSION = YES;
				CLANG_WARN_DEPRECATED_OBJC_IMPLEMENTATIONS = YES;
				CLANG_WARN_DIRECT_OBJC_ISA_USAGE = YES_ERROR;
				CLANG_WARN_DOCUMENTATION_COMMENTS = YES;
				CLANG_WARN_EMPTY_BODY = YES;
				CLANG_WARN_ENUM_CONVERSION = YES;
				CLANG_WARN_INFINITE_RECURSION = YES;
				CLANG_WARN_INT_CONVERSION = YES;
				CLANG_WARN_NON_LITERAL_NULL_CONVERSION = YES;
				CLANG_WARN_OBJC_IMPLICIT_RETAIN_SELF = YES;
				CLANG_WARN_OBJC_LITERAL_CONVERSION = YES;
				CLANG_WARN_OBJC_ROOT_CLASS = YES_ERROR;
				CLANG_WARN_RANGE_LOOP_ANALYSIS = YES;
				CLANG_WARN_STRICT_PROTOTYPES = YES;
				CLANG_WARN_SUSPICIOUS_MOVE = YES;
				CLANG_WARN_UNGUARDED_AVAILABILITY = YES_AGGRESSIVE;
				CLANG_WARN_UNREACHABLE_CODE = YES;
				CLANG_WARN__DUPLICATE_METHOD_MATCH = YES;
				COPY_PHASE_STRIP = NO;
				DEBUG_INFORMATION_FORMAT = "dwarf-with-dsym";
				ENABLE_NS_ASSERTIONS = NO;
				ENABLE_STRICT_OBJC_MSGSEND = YES;
				GCC_C_LANGUAGE_STANDARD = gnu11;
				GCC_NO_COMMON_BLOCKS = YES;
				GCC_WARN_64_TO_32_BIT_CONVERSION = YES;
				GCC_WARN_ABOUT_RETURN_TYPE = YES_ERROR;
				GCC_WARN_UNDECLARED_SELECTOR = YES;
				GCC_WARN_UNINITIALIZED_AUTOS = YES_AGGRESSIVE;
				GCC_WARN_UNUSED_FUNCTION = YES;
				GCC_WARN_UNUSED_VARIABLE = YES;
				MACOSX_DEPLOYMENT_TARGET = 10.15;
				MTL_ENABLE_DEBUG_INFO = NO;
				MTL_FAST_MATH = YES;
				SDKROOT = macosx;
				SWIFT_COMPILATION_MODE = wholemodule;
				SWIFT_OPTIMIZATION_LEVEL = "-O";
			};
			name = Release;
		};
		47E682BF24F8F8A0008D5D5E /* Debug */ = {
			isa = XCBuildConfiguration;
			buildSettings = {
				ASSETCATALOG_COMPILER_APPICON_NAME = AppIcon;
				CODE_SIGN_ENTITLEMENTS = ShhhDungsoo/ShhhDungsoo.entitlements;
				CODE_SIGN_STYLE = Automatic;
				COMBINE_HIDPI_IMAGES = YES;
				DEVELOPMENT_TEAM = 55S5PA53P9;
				ENABLE_HARDENED_RUNTIME = YES;
				INFOPLIST_FILE = ShhhDungsoo/Info.plist;
				LD_RUNPATH_SEARCH_PATHS = (
					"$(inherited)",
					"@executable_path/../Frameworks",
				);
				PRODUCT_BUNDLE_IDENTIFIER = dev.bluehouse.ShhhDungsoo;
				PRODUCT_NAME = "$(TARGET_NAME)";
				SWIFT_VERSION = 5.0;
			};
			name = Debug;
		};
		47E682C024F8F8A0008D5D5E /* Release */ = {
			isa = XCBuildConfiguration;
			buildSettings = {
				ASSETCATALOG_COMPILER_APPICON_NAME = AppIcon;
				CODE_SIGN_ENTITLEMENTS = ShhhDungsoo/ShhhDungsoo.entitlements;
				CODE_SIGN_STYLE = Automatic;
				COMBINE_HIDPI_IMAGES = YES;
				DEVELOPMENT_TEAM = 55S5PA53P9;
				ENABLE_HARDENED_RUNTIME = YES;
				INFOPLIST_FILE = ShhhDungsoo/Info.plist;
				LD_RUNPATH_SEARCH_PATHS = (
					"$(inherited)",
					"@executable_path/../Frameworks",
				);
				PRODUCT_BUNDLE_IDENTIFIER = dev.bluehouse.ShhhDungsoo;
				PRODUCT_NAME = "$(TARGET_NAME)";
				SWIFT_VERSION = 5.0;
			};
			name = Release;
		};
/* End XCBuildConfiguration section */

/* Begin XCConfigurationList section */
		47E682A924F8F89F008D5D5E /* Build configuration list for PBXProject "ShhhDungsoo" */ = {
			isa = XCConfigurationList;
			buildConfigurations = (
				47E682BC24F8F8A0008D5D5E /* Debug */,
				47E682BD24F8F8A0008D5D5E /* Release */,
			);
			defaultConfigurationIsVisible = 0;
			defaultConfigurationName = Release;
		};
		47E682BE24F8F8A0008D5D5E /* Build configuration list for PBXNativeTarget "ShhhDungsoo" */ = {
			isa = XCConfigurationList;
			buildConfigurations = (
				47E682BF24F8F8A0008D5D5E /* Debug */,
				47E682C024F8F8A0008D5D5E /* Release */,
			);
			defaultConfigurationIsVisible = 0;
			defaultConfigurationName = Release;
		};
/* End XCConfigurationList section */
	};
	rootObject = 47E682A624F8F89F008D5D5E /* Project object */;
}
